
Microsoft Visual Studio Solution File, Format Version 12.00
# Visual Studio Version 17
VisualStudioVersion = 17.0.31903.59
MinimumVisualStudioVersion = 10.0.40219.1
Project("{F2A71F9B-5D33-465A-A702-920D77279786}") = "adventOfCode-first", "adventOfCode-first\adventOfCode-first.fsproj", "{0FEF58EC-597A-4CFE-8516-66BE2C300B78}"
EndProject
Project("{F2A71F9B-5D33-465A-A702-920D77279786}") = "adventOfCode-second", "adventOfCode-second\adventOfCode-second.fsproj", "{ACE06FFD-CAF7-42C9-B4BD-105251BCD5A1}"
EndProject
Global
	GlobalSection(SolutionConfigurationPlatforms) = preSolution
		Debug|Any CPU = Debug|Any CPU
		Release|Any CPU = Release|Any CPU
	EndGlobalSection
	GlobalSection(SolutionProperties) = preSolution
		HideSolutionNode = FALSE
	EndGlobalSection
	GlobalSection(ProjectConfigurationPlatforms) = postSolution
		{0FEF58EC-597A-4CFE-8516-66BE2C300B78}.Debug|Any CPU.ActiveCfg = Debug|Any CPU
		{0FEF58EC-597A-4CFE-8516-66BE2C300B78}.Debug|Any CPU.Build.0 = Debug|Any CPU
		{0FEF58EC-597A-4CFE-8516-66BE2C300B78}.Release|Any CPU.ActiveCfg = Release|Any CPU
		{0FEF58EC-597A-4CFE-8516-66BE2C300B78}.Release|Any CPU.Build.0 = Release|Any CPU
		{ACE06FFD-CAF7-42C9-B4BD-105251BCD5A1}.Debug|Any CPU.ActiveCfg = Debug|Any CPU
		{ACE06FFD-CAF7-42C9-B4BD-105251BCD5A1}.Debug|Any CPU.Build.0 = Debug|Any CPU
		{ACE06FFD-CAF7-42C9-B4BD-105251BCD5A1}.Release|Any CPU.ActiveCfg = Release|Any CPU
		{ACE06FFD-CAF7-42C9-B4BD-105251BCD5A1}.Release|Any CPU.Build.0 = Release|Any CPU
	EndGlobalSection
EndGlobal
